// !$*UTF8*$!
{
	archiveVersion = 1;
	classes = {
	};
	objectVersion = 48;
	objects = {

/* Begin PBXBuildFile section */
		3F1095F0204EFBA800DBAA39 /* JFTrackerViewControllerTableViewController.swift in Sources */ = {isa = PBXBuildFile; fileRef = 3F1095EF204EFBA800DBAA39 /* JFTrackerViewControllerTableViewController.swift */; };
		3F1095F2204EFBF800DBAA39 /* RecordTableViewController.swift in Sources */ = {isa = PBXBuildFile; fileRef = 3F1095F1204EFBF800DBAA39 /* RecordTableViewController.swift */; };
		3F13CA81204E363900A70DE8 /* AppDelegate.swift in Sources */ = {isa = PBXBuildFile; fileRef = 3F13CA80204E363900A70DE8 /* AppDelegate.swift */; };
		3F13CA83204E363900A70DE8 /* ViewController.swift in Sources */ = {isa = PBXBuildFile; fileRef = 3F13CA82204E363900A70DE8 /* ViewController.swift */; };
		3F13CA86204E363900A70DE8 /* Main.storyboard in Resources */ = {isa = PBXBuildFile; fileRef = 3F13CA84204E363900A70DE8 /* Main.storyboard */; };
		3F13CA88204E363900A70DE8 /* Assets.xcassets in Resources */ = {isa = PBXBuildFile; fileRef = 3F13CA87204E363900A70DE8 /* Assets.xcassets */; };
		3F13CA8B204E363900A70DE8 /* LaunchScreen.storyboard in Resources */ = {isa = PBXBuildFile; fileRef = 3F13CA89204E363900A70DE8 /* LaunchScreen.storyboard */; };
		3F13CA96204E363900A70DE8 /* NavigationTests.swift in Sources */ = {isa = PBXBuildFile; fileRef = 3F13CA95204E363900A70DE8 /* NavigationTests.swift */; };
		3F13CAA1204E363900A70DE8 /* NavigationUITests.swift in Sources */ = {isa = PBXBuildFile; fileRef = 3F13CAA0204E363900A70DE8 /* NavigationUITests.swift */; };
		3F13CAAF204E366100A70DE8 /* Model.swift in Sources */ = {isa = PBXBuildFile; fileRef = 3F13CAAE204E366100A70DE8 /* Model.swift */; };
/* End PBXBuildFile section */

/* Begin PBXContainerItemProxy section */
		3F13CA92204E363900A70DE8 /* PBXContainerItemProxy */ = {
			isa = PBXContainerItemProxy;
			containerPortal = 3F13CA75204E363800A70DE8 /* Project object */;
			proxyType = 1;
			remoteGlobalIDString = 3F13CA7C204E363900A70DE8;
			remoteInfo = Navigation;
		};
		3F13CA9D204E363900A70DE8 /* PBXContainerItemProxy */ = {
			isa = PBXContainerItemProxy;
			containerPortal = 3F13CA75204E363800A70DE8 /* Project object */;
			proxyType = 1;
			remoteGlobalIDString = 3F13CA7C204E363900A70DE8;
			remoteInfo = Navigation;
		};
/* End PBXContainerItemProxy section */

/* Begin PBXFileReference section */
		3F1095EF204EFBA800DBAA39 /* JFTrackerViewControllerTableViewController.swift */ = {isa = PBXFileReference; lastKnownFileType = sourcecode.swift; path = JFTrackerViewControllerTableViewController.swift; sourceTree = "<group>"; };
		3F1095F1204EFBF800DBAA39 /* RecordTableViewController.swift */ = {isa = PBXFileReference; lastKnownFileType = sourcecode.swift; path = RecordTableViewController.swift; sourceTree = "<group>"; };
		3F13CA7D204E363900A70DE8 /* Navigation.app */ = {isa = PBXFileReference; explicitFileType = wrapper.application; includeInIndex = 0; path = Navigation.app; sourceTree = BUILT_PRODUCTS_DIR; };
		3F13CA80204E363900A70DE8 /* AppDelegate.swift */ = {isa = PBXFileReference; lastKnownFileType = sourcecode.swift; path = AppDelegate.swift; sourceTree = "<group>"; };
		3F13CA82204E363900A70DE8 /* ViewController.swift */ = {isa = PBXFileReference; lastKnownFileType = sourcecode.swift; path = ViewController.swift; sourceTree = "<group>"; };
		3F13CA85204E363900A70DE8 /* Base */ = {isa = PBXFileReference; lastKnownFileType = file.storyboard; name = Base; path = Base.lproj/Main.storyboard; sourceTree = "<group>"; };
		3F13CA87204E363900A70DE8 /* Assets.xcassets */ = {isa = PBXFileReference; lastKnownFileType = folder.assetcatalog; path = Assets.xcassets; sourceTree = "<group>"; };
		3F13CA8A204E363900A70DE8 /* Base */ = {isa = PBXFileReference; lastKnownFileType = file.storyboard; name = Base; path = Base.lproj/LaunchScreen.storyboard; sourceTree = "<group>"; };
		3F13CA8C204E363900A70DE8 /* Info.plist */ = {isa = PBXFileReference; lastKnownFileType = text.plist.xml; path = Info.plist; sourceTree = "<group>"; };
		3F13CA91204E363900A70DE8 /* NavigationTests.xctest */ = {isa = PBXFileReference; explicitFileType = wrapper.cfbundle; includeInIndex = 0; path = NavigationTests.xctest; sourceTree = BUILT_PRODUCTS_DIR; };
		3F13CA95204E363900A70DE8 /* NavigationTests.swift */ = {isa = PBXFileReference; lastKnownFileType = sourcecode.swift; path = NavigationTests.swift; sourceTree = "<group>"; };
		3F13CA97204E363900A70DE8 /* Info.plist */ = {isa = PBXFileReference; lastKnownFileType = text.plist.xml; path = Info.plist; sourceTree = "<group>"; };
		3F13CA9C204E363900A70DE8 /* NavigationUITests.xctest */ = {isa = PBXFileReference; explicitFileType = wrapper.cfbundle; includeInIndex = 0; path = NavigationUITests.xctest; sourceTree = BUILT_PRODUCTS_DIR; };
		3F13CAA0204E363900A70DE8 /* NavigationUITests.swift */ = {isa = PBXFileReference; lastKnownFileType = sourcecode.swift; path = NavigationUITests.swift; sourceTree = "<group>"; };
		3F13CAA2204E363900A70DE8 /* Info.plist */ = {isa = PBXFileReference; lastKnownFileType = text.plist.xml; path = Info.plist; sourceTree = "<group>"; };
		3F13CAAE204E366100A70DE8 /* Model.swift */ = {isa = PBXFileReference; lastKnownFileType = sourcecode.swift; path = Model.swift; sourceTree = "<group>"; };
/* End PBXFileReference section */

/* Begin PBXFrameworksBuildPhase section */
		3F13CA7A204E363900A70DE8 /* Frameworks */ = {
			isa = PBXFrameworksBuildPhase;
			buildActionMask = 2147483647;
			files = (
			);
			runOnlyForDeploymentPostprocessing = 0;
		};
		3F13CA8E204E363900A70DE8 /* Frameworks */ = {
			isa = PBXFrameworksBuildPhase;
			buildActionMask = 2147483647;
			files = (
			);
			runOnlyForDeploymentPostprocessing = 0;
		};
		3F13CA99204E363900A70DE8 /* Frameworks */ = {
			isa = PBXFrameworksBuildPhase;
			buildActionMask = 2147483647;
			files = (
			);
			runOnlyForDeploymentPostprocessing = 0;
		};
/* End PBXFrameworksBuildPhase section */

/* Begin PBXGroup section */
		3F13CA74204E363800A70DE8 = {
			isa = PBXGroup;
			children = (
				3F13CA7F204E363900A70DE8 /* Navigation */,
				3F13CA94204E363900A70DE8 /* NavigationTests */,
				3F13CA9F204E363900A70DE8 /* NavigationUITests */,
				3F13CA7E204E363900A70DE8 /* Products */,
			);
			sourceTree = "<group>";
		};
		3F13CA7E204E363900A70DE8 /* Products */ = {
			isa = PBXGroup;
			children = (
				3F13CA7D204E363900A70DE8 /* Navigation.app */,
				3F13CA91204E363900A70DE8 /* NavigationTests.xctest */,
				3F13CA9C204E363900A70DE8 /* NavigationUITests.xctest */,
			);
			name = Products;
			sourceTree = "<group>";
		};
		3F13CA7F204E363900A70DE8 /* Navigation */ = {
			isa = PBXGroup;
			children = (
				3F13CA80204E363900A70DE8 /* AppDelegate.swift */,
				3F13CA82204E363900A70DE8 /* ViewController.swift */,
				3F13CA84204E363900A70DE8 /* Main.storyboard */,
				3F13CA87204E363900A70DE8 /* Assets.xcassets */,
				3F13CA89204E363900A70DE8 /* LaunchScreen.storyboard */,
				3F13CA8C204E363900A70DE8 /* Info.plist */,
				3F13CAAE204E366100A70DE8 /* Model.swift */,
				3F1095EF204EFBA800DBAA39 /* JFTrackerViewControllerTableViewController.swift */,
				3F1095F1204EFBF800DBAA39 /* RecordTableViewController.swift */,
			);
			path = Navigation;
			sourceTree = "<group>";
		};
		3F13CA94204E363900A70DE8 /* NavigationTests */ = {
			isa = PBXGroup;
			children = (
				3F13CA95204E363900A70DE8 /* NavigationTests.swift */,
				3F13CA97204E363900A70DE8 /* Info.plist */,
			);
			path = NavigationTests;
			sourceTree = "<group>";
		};
		3F13CA9F204E363900A70DE8 /* NavigationUITests */ = {
			isa = PBXGroup;
			children = (
				3F13CAA0204E363900A70DE8 /* NavigationUITests.swift */,
				3F13CAA2204E363900A70DE8 /* Info.plist */,
			);
			path = NavigationUITests;
			sourceTree = "<group>";
		};
/* End PBXGroup section */

/* Begin PBXNativeTarget section */
		3F13CA7C204E363900A70DE8 /* Navigation */ = {
			isa = PBXNativeTarget;
			buildConfigurationList = 3F13CAA5204E363900A70DE8 /* Build configuration list for PBXNativeTarget "Navigation" */;
			buildPhases = (
				3F13CA79204E363900A70DE8 /* Sources */,
				3F13CA7A204E363900A70DE8 /* Frameworks */,
				3F13CA7B204E363900A70DE8 /* Resources */,
			);
			buildRules = (
			);
			dependencies = (
			);
			name = Navigation;
			productName = Navigation;
			productReference = 3F13CA7D204E363900A70DE8 /* Navigation.app */;
			productType = "com.apple.product-type.application";
		};
		3F13CA90204E363900A70DE8 /* NavigationTests */ = {
			isa = PBXNativeTarget;
			buildConfigurationList = 3F13CAA8204E363900A70DE8 /* Build configuration list for PBXNativeTarget "NavigationTests" */;
			buildPhases = (
				3F13CA8D204E363900A70DE8 /* Sources */,
				3F13CA8E204E363900A70DE8 /* Frameworks */,
				3F13CA8F204E363900A70DE8 /* Resources */,
			);
			buildRules = (
			);
			dependencies = (
				3F13CA93204E363900A70DE8 /* PBXTargetDependency */,
			);
			name = NavigationTests;
			productName = NavigationTests;
			productReference = 3F13CA91204E363900A70DE8 /* NavigationTests.xctest */;
			productType = "com.apple.product-type.bundle.unit-test";
		};
		3F13CA9B204E363900A70DE8 /* NavigationUITests */ = {
			isa = PBXNativeTarget;
			buildConfigurationList = 3F13CAAB204E363900A70DE8 /* Build configuration list for PBXNativeTarget "NavigationUITests" */;
			buildPhases = (
				3F13CA98204E363900A70DE8 /* Sources */,
				3F13CA99204E363900A70DE8 /* Frameworks */,
				3F13CA9A204E363900A70DE8 /* Resources */,
			);
			buildRules = (
			);
			dependencies = (
				3F13CA9E204E363900A70DE8 /* PBXTargetDependency */,
			);
			name = NavigationUITests;
			productName = NavigationUITests;
			productReference = 3F13CA9C204E363900A70DE8 /* NavigationUITests.xctest */;
			productType = "com.apple.product-type.bundle.ui-testing";
		};
/* End PBXNativeTarget section */

/* Begin PBXProject section */
		3F13CA75204E363800A70DE8 /* Project object */ = {
			isa = PBXProject;
			attributes = {
				LastSwiftUpdateCheck = 0920;
				LastUpgradeCheck = 0920;
				ORGANIZATIONNAME = Student;
				TargetAttributes = {
					3F13CA7C204E363900A70DE8 = {
						CreatedOnToolsVersion = 9.2;
						ProvisioningStyle = Automatic;
					};
					3F13CA90204E363900A70DE8 = {
						CreatedOnToolsVersion = 9.2;
						ProvisioningStyle = Automatic;
						TestTargetID = 3F13CA7C204E363900A70DE8;
					};
					3F13CA9B204E363900A70DE8 = {
						CreatedOnToolsVersion = 9.2;
						ProvisioningStyle = Automatic;
						TestTargetID = 3F13CA7C204E363900A70DE8;
					};
				};
			};
			buildConfigurationList = 3F13CA78204E363800A70DE8 /* Build configuration list for PBXProject "Navigation" */;
			compatibilityVersion = "Xcode 8.0";
			developmentRegion = en;
			hasScannedForEncodings = 0;
			knownRegions = (
				en,
				Base,
			);
			mainGroup = 3F13CA74204E363800A70DE8;
			productRefGroup = 3F13CA7E204E363900A70DE8 /* Products */;
			projectDirPath = "";
			projectRoot = "";
			targets = (
				3F13CA7C204E363900A70DE8 /* Navigation */,
				3F13CA90204E363900A70DE8 /* NavigationTests */,
				3F13CA9B204E363900A70DE8 /* NavigationUITests */,
			);
		};
/* End PBXProject section */

/* Begin PBXResourcesBuildPhase section */
		3F13CA7B204E363900A70DE8 /* Resources */ = {
			isa = PBXResourcesBuildPhase;
			buildActionMask = 2147483647;
			files = (
				3F13CA8B204E363900A70DE8 /* LaunchScreen.storyboard in Resources */,
				3F13CA88204E363900A70DE8 /* Assets.xcassets in Resources */,
				3F13CA86204E363900A70DE8 /* Main.storyboard in Resources */,
			);
			runOnlyForDeploymentPostprocessing = 0;
		};
		3F13CA8F204E363900A70DE8 /* Resources */ = {
			isa = PBXResourcesBuildPhase;
			buildActionMask = 2147483647;
			files = (
			);
			runOnlyForDeploymentPostprocessing = 0;
		};
		3F13CA9A204E363900A70DE8 /* Resources */ = {
			isa = PBXResourcesBuildPhase;
			buildActionMask = 2147483647;
			files = (
			);
			runOnlyForDeploymentPostprocessing = 0;
		};
/* End PBXResourcesBuildPhase section */

/* Begin PBXSourcesBuildPhase section */
		3F13CA79204E363900A70DE8 /* Sources */ = {
			isa = PBXSourcesBuildPhase;
			buildActionMask = 2147483647;
			files = (
				3F13CAAF204E366100A70DE8 /* Model.swift in Sources */,
				3F1095F0204EFBA800DBAA39 /* JFTrackerViewControllerTableViewController.swift in Sources */,
				3F13CA83204E363900A70DE8 /* ViewController.swift in Sources */,
				3F13CA81204E363900A70DE8 /* AppDelegate.swift in Sources */,
				3F1095F2204EFBF800DBAA39 /* RecordTableViewController.swift in Sources */,
			);
			runOnlyForDeploymentPostprocessing = 0;
		};
		3F13CA8D204E363900A70DE8 /* Sources */ = {
			isa = PBXSourcesBuildPhase;
			buildActionMask = 2147483647;
			files = (
				3F13CA96204E363900A70DE8 /* NavigationTests.swift in Sources */,
			);
			runOnlyForDeploymentPostprocessing = 0;
		};
		3F13CA98204E363900A70DE8 /* Sources */ = {
			isa = PBXSourcesBuildPhase;
			buildActionMask = 2147483647;
			files = (
				3F13CAA1204E363900A70DE8 /* NavigationUITests.swift in Sources */,
			);
			runOnlyForDeploymentPostprocessing = 0;
		};
/* End PBXSourcesBuildPhase section */

/* Begin PBXTargetDependency section */
		3F13CA93204E363900A70DE8 /* PBXTargetDependency */ = {
			isa = PBXTargetDependency;
			target = 3F13CA7C204E363900A70DE8 /* Navigation */;
			targetProxy = 3F13CA92204E363900A70DE8 /* PBXContainerItemProxy */;
		};
		3F13CA9E204E363900A70DE8 /* PBXTargetDependency */ = {
			isa = PBXTargetDependency;
			target = 3F13CA7C204E363900A70DE8 /* Navigation */;
			targetProxy = 3F13CA9D204E363900A70DE8 /* PBXContainerItemProxy */;
		};
/* End PBXTargetDependency section */

/* Begin PBXVariantGroup section */
		3F13CA84204E363900A70DE8 /* Main.storyboard */ = {
			isa = PBXVariantGroup;
			children = (
				3F13CA85204E363900A70DE8 /* Base */,
			);
			name = Main.storyboard;
			sourceTree = "<group>";
		};
		3F13CA89204E363900A70DE8 /* LaunchScreen.storyboard */ = {
			isa = PBXVariantGroup;
			children = (
				3F13CA8A204E363900A70DE8 /* Base */,
			);
			name = LaunchScreen.storyboard;
			sourceTree = "<group>";
		};
/* End PBXVariantGroup section */

/* Begin XCBuildConfiguration section */
		3F13CAA3204E363900A70DE8 /* Debug */ = {
			isa = XCBuildConfiguration;
			buildSettings = {
				ALWAYS_SEARCH_USER_PATHS = NO;
				CLANG_ANALYZER_NONNULL = YES;
				CLANG_ANALYZER_NUMBER_OBJECT_CONVERSION = YES_AGGRESSIVE;
				CLANG_CXX_LANGUAGE_STANDARD = "gnu++14";
				CLANG_CXX_LIBRARY = "libc++";
				CLANG_ENABLE_MODULES = YES;
				CLANG_ENABLE_OBJC_ARC = YES;
				CLANG_WARN_BLOCK_CAPTURE_AUTORELEASING = YES;
				CLANG_WARN_BOOL_CONVERSION = YES;
				CLANG_WARN_COMMA = YES;
				CLANG_WARN_CONSTANT_CONVERSION = YES;
				CLANG_WARN_DIRECT_OBJC_ISA_USAGE = YES_ERROR;
				CLANG_WARN_DOCUMENTATION_COMMENTS = YES;
				CLANG_WARN_EMPTY_BODY = YES;
				CLANG_WARN_ENUM_CONVERSION = YES;
				CLANG_WARN_INFINITE_RECURSION = YES;
				CLANG_WARN_INT_CONVERSION = YES;
				CLANG_WARN_NON_LITERAL_NULL_CONVERSION = YES;
				CLANG_WARN_OBJC_LITERAL_CONVERSION = YES;
				CLANG_WARN_OBJC_ROOT_CLASS = YES_ERROR;
				CLANG_WARN_RANGE_LOOP_ANALYSIS = YES;
				CLANG_WARN_STRICT_PROTOTYPES = YES;
				CLANG_WARN_SUSPICIOUS_MOVE = YES;
				CLANG_WARN_UNGUARDED_AVAILABILITY = YES_AGGRESSIVE;
				CLANG_WARN_UNREACHABLE_CODE = YES;
				CLANG_WARN__DUPLICATE_METHOD_MATCH = YES;
				CODE_SIGN_IDENTITY = "iPhone Developer";
				COPY_PHASE_STRIP = NO;
				DEBUG_INFORMATION_FORMAT = dwarf;
				ENABLE_STRICT_OBJC_MSGSEND = YES;
				ENABLE_TESTABILITY = YES;
				GCC_C_LANGUAGE_STANDARD = gnu11;
				GCC_DYNAMIC_NO_PIC = NO;
				GCC_NO_COMMON_BLOCKS = YES;
				GCC_OPTIMIZATION_LEVEL = 0;
				GCC_PREPROCESSOR_DEFINITIONS = (
					"DEBUG=1",
					"$(inherited)",
				);
				GCC_WARN_64_TO_32_BIT_CONVERSION = YES;
				GCC_WARN_ABOUT_RETURN_TYPE = YES_ERROR;
				GCC_WARN_UNDECLARED_SELECTOR = YES;
				GCC_WARN_UNINITIALIZED_AUTOS = YES_AGGRESSIVE;
				GCC_WARN_UNUSED_FUNCTION = YES;
				GCC_WARN_UNUSED_VARIABLE = YES;
				IPHONEOS_DEPLOYMENT_TARGET = 11.2;
				MTL_ENABLE_DEBUG_INFO = YES;
				ONLY_ACTIVE_ARCH = YES;
				SDKROOT = iphoneos;
				SWIFT_ACTIVE_COMPILATION_CONDITIONS = DEBUG;
				SWIFT_OPTIMIZATION_LEVEL = "-Onone";
			};
			name = Debug;
		};
		3F13CAA4204E363900A70DE8 /* Release */ = {
			isa = XCBuildConfiguration;
			buildSettings = {
				ALWAYS_SEARCH_USER_PATHS = NO;
				CLANG_ANALYZER_NONNULL = YES;
				CLANG_ANALYZER_NUMBER_OBJECT_CONVERSION = YES_AGGRESSIVE;
				CLANG_CXX_LANGUAGE_STANDARD = "gnu++14";
				CLANG_CXX_LIBRARY = "libc++";
				CLANG_ENABLE_MODULES = YES;
				CLANG_ENABLE_OBJC_ARC = YES;
				CLANG_WARN_BLOCK_CAPTURE_AUTORELEASING = YES;
				CLANG_WARN_BOOL_CONVERSION = YES;
				CLANG_WARN_COMMA = YES;
				CLANG_WARN_CONSTANT_CONVERSION = YES;
				CLANG_WARN_DIRECT_OBJC_ISA_USAGE = YES_ERROR;
				CLANG_WARN_DOCUMENTATION_COMMENTS = YES;
				CLANG_WARN_EMPTY_BODY = YES;
				CLANG_WARN_ENUM_CONVERSION = YES;
				CLANG_WARN_INFINITE_RECURSION = YES;
				CLANG_WARN_INT_CONVERSION = YES;
				CLANG_WARN_NON_LITERAL_NULL_CONVERSION = YES;
				CLANG_WARN_OBJC_LITERAL_CONVERSION = YES;
				CLANG_WARN_OBJC_ROOT_CLASS = YES_ERROR;
				CLANG_WARN_RANGE_LOOP_ANALYSIS = YES;
				CLANG_WARN_STRICT_PROTOTYPES = YES;
				CLANG_WARN_SUSPICIOUS_MOVE = YES;
				CLANG_WARN_UNGUARDED_AVAILABILITY = YES_AGGRESSIVE;
				CLANG_WARN_UNREACHABLE_CODE = YES;
				CLANG_WARN__DUPLICATE_METHOD_MATCH = YES;
				CODE_SIGN_IDENTITY = "iPhone Developer";
				COPY_PHASE_STRIP = NO;
				DEBUG_INFORMATION_FORMAT = "dwarf-with-dsym";
				ENABLE_NS_ASSERTIONS = NO;
				ENABLE_STRICT_OBJC_MSGSEND = YES;
				GCC_C_LANGUAGE_STANDARD = gnu11;
				GCC_NO_COMMON_BLOCKS = YES;
				GCC_WARN_64_TO_32_BIT_CONVERSION = YES;
				GCC_WARN_ABOUT_RETURN_TYPE = YES_ERROR;
				GCC_WARN_UNDECLARED_SELECTOR = YES;
				GCC_WARN_UNINITIALIZED_AUTOS = YES_AGGRESSIVE;
				GCC_WARN_UNUSED_FUNCTION = YES;
				GCC_WARN_UNUSED_VARIABLE = YES;
				IPHONEOS_DEPLOYMENT_TARGET = 11.2;
				MTL_ENABLE_DEBUG_INFO = NO;
				SDKROOT = iphoneos;
				SWIFT_OPTIMIZATION_LEVEL = "-Owholemodule";
				VALIDATE_PRODUCT = YES;
			};
			name = Release;
		};
		3F13CAA6204E363900A70DE8 /* Debug */ = {
			isa = XCBuildConfiguration;
			buildSettings = {
				ASSETCATALOG_COMPILER_APPICON_NAME = AppIcon;
				CODE_SIGN_STYLE = Automatic;
				INFOPLIST_FILE = Navigation/Info.plist;
				LD_RUNPATH_SEARCH_PATHS = "$(inherited) @executable_path/Frameworks";
				PRODUCT_BUNDLE_IDENTIFIER = NWMSU.Navigation;
				PRODUCT_NAME = "$(TARGET_NAME)";
				SWIFT_VERSION = 4.0;
				TARGETED_DEVICE_FAMILY = "1,2";
			};
			name = Debug;
		};
		3F13CAA7204E363900A70DE8 /* Release */ = {
			isa = XCBuildConfiguration;
			buildSettings = {
				ASSETCATALOG_COMPILER_APPICON_NAME = AppIcon;
				CODE_SIGN_STYLE = Automatic;
				INFOPLIST_FILE = Navigation/Info.plist;
				LD_RUNPATH_SEARCH_PATHS = "$(inherited) @executable_path/Frameworks";
				PRODUCT_BUNDLE_IDENTIFIER = NWMSU.Navigation;
				PRODUCT_NAME = "$(TARGET_NAME)";
				SWIFT_VERSION = 4.0;
				TARGETED_DEVICE_FAMILY = "1,2";
			};
			name = Release;
		};
		3F13CAA9204E363900A70DE8 /* Debug */ = {
			isa = XCBuildConfiguration;
			buildSettings = {
				ALWAYS_EMBED_SWIFT_STANDARD_LIBRARIES = YES;
				BUNDLE_LOADER = "$(TEST_HOST)";
				CODE_SIGN_STYLE = Automatic;
				INFOPLIST_FILE = NavigationTests/Info.plist;
				LD_RUNPATH_SEARCH_PATHS = "$(inherited) @executable_path/Frameworks @loader_path/Frameworks";
				PRODUCT_BUNDLE_IDENTIFIER = NWMSU.NavigationTests;
				PRODUCT_NAME = "$(TARGET_NAME)";
				SWIFT_VERSION = 4.0;
				TARGETED_DEVICE_FAMILY = "1,2";
				TEST_HOST = "$(BUILT_PRODUCTS_DIR)/Navigation.app/Navigation";
			};
			name = Debug;
		};
		3F13CAAA204E363900A70DE8 /* Release */ = {
			isa = XCBuildConfiguration;
			buildSettings = {
				ALWAYS_EMBED_SWIFT_STANDARD_LIBRARIES = YES;
				BUNDLE_LOADER = "$(TEST_HOST)";
				CODE_SIGN_STYLE = Automatic;
				INFOPLIST_FILE = NavigationTests/Info.plist;
				LD_RUNPATH_SEARCH_PATHS = "$(inherited) @executable_path/Frameworks @loader_path/Frameworks";
				PRODUCT_BUNDLE_IDENTIFIER = NWMSU.NavigationTests;
				PRODUCT_NAME = "$(TARGET_NAME)";
				SWIFT_VERSION = 4.0;
				TARGETED_DEVICE_FAMILY = "1,2";
				TEST_HOST = "$(BUILT_PRODUCTS_DIR)/Navigation.app/Navigation";
			};
			name = Release;
		};
		3F13CAAC204E363900A70DE8 /* Debug */ = {
			isa = XCBuildConfiguration;
			buildSettings = {
				ALWAYS_EMBED_SWIFT_STANDARD_LIBRARIES = YES;
				CODE_SIGN_STYLE = Automatic;
				INFOPLIST_FILE = NavigationUITests/Info.plist;
				LD_RUNPATH_SEARCH_PATHS = "$(inherited) @executable_path/Frameworks @loader_path/Frameworks";
				PRODUCT_BUNDLE_IDENTIFIER = NWMSU.NavigationUITests;
				PRODUCT_NAME = "$(TARGET_NAME)";
				SWIFT_VERSION = 4.0;
				TARGETED_DEVICE_FAMILY = "1,2";
				TEST_TARGET_NAME = Navigation;
			};
			name = Debug;
		};
		3F13CAAD204E363900A70DE8 /* Release */ = {
			isa = XCBuildConfiguration;
			buildSettings = {
				ALWAYS_EMBED_SWIFT_STANDARD_LIBRARIES = YES;
				CODE_SIGN_STYLE = Automatic;
				INFOPLIST_FILE = NavigationUITests/Info.plist;
				LD_RUNPATH_SEARCH_PATHS = "$(inherited) @executable_path/Frameworks @loader_path/Frameworks";
				PRODUCT_BUNDLE_IDENTIFIER = NWMSU.NavigationUITests;
				PRODUCT_NAME = "$(TARGET_NAME)";
				SWIFT_VERSION = 4.0;
				TARGETED_DEVICE_FAMILY = "1,2";
				TEST_TARGET_NAME = Navigation;
			};
			name = Release;
		};
/* End XCBuildConfiguration section */

/* Begin XCConfigurationList section */
		3F13CA78204E363800A70DE8 /* Build configuration list for PBXProject "Navigation" */ = {
			isa = XCConfigurationList;
			buildConfigurations = (
				3F13CAA3204E363900A70DE8 /* Debug */,
				3F13CAA4204E363900A70DE8 /* Release */,
			);
			defaultConfigurationIsVisible = 0;
			defaultConfigurationName = Release;
		};
		3F13CAA5204E363900A70DE8 /* Build configuration list for PBXNativeTarget "Navigation" */ = {
			isa = XCConfigurationList;
			buildConfigurations = (
				3F13CAA6204E363900A70DE8 /* Debug */,
				3F13CAA7204E363900A70DE8 /* Release */,
			);
			defaultConfigurationIsVisible = 0;
			defaultConfigurationName = Release;
		};
		3F13CAA8204E363900A70DE8 /* Build configuration list for PBXNativeTarget "NavigationTests" */ = {
			isa = XCConfigurationList;
			buildConfigurations = (
				3F13CAA9204E363900A70DE8 /* Debug */,
				3F13CAAA204E363900A70DE8 /* Release */,
			);
			defaultConfigurationIsVisible = 0;
			defaultConfigurationName = Release;
		};
		3F13CAAB204E363900A70DE8 /* Build configuration list for PBXNativeTarget "NavigationUITests" */ = {
			isa = XCConfigurationList;
			buildConfigurations = (
				3F13CAAC204E363900A70DE8 /* Debug */,
				3F13CAAD204E363900A70DE8 /* Release */,
			);
			defaultConfigurationIsVisible = 0;
			defaultConfigurationName = Release;
		};
/* End XCConfigurationList section */
	};
	rootObject = 3F13CA75204E363800A70DE8 /* Project object */;
}
